// !$*UTF8*$!
{
	archiveVersion = 1;
	classes = {
	};
	objectVersion = 46;
	objects = {

/* Begin PBXBuildFile section */
		333EF4DF1C7B00C30065E10B /* main.m in Sources */ = {isa = PBXBuildFile; fileRef = 333EF4DE1C7B00C30065E10B /* main.m */; };
		333EF4E21C7B00C30065E10B /* AppDelegate.m in Sources */ = {isa = PBXBuildFile; fileRef = 333EF4E11C7B00C30065E10B /* AppDelegate.m */; };
		333EF4EA1C7B00C30065E10B /* Assets.xcassets in Resources */ = {isa = PBXBuildFile; fileRef = 333EF4E91C7B00C30065E10B /* Assets.xcassets */; };
		333EF4ED1C7B00C30065E10B /* LaunchScreen.storyboard in Resources */ = {isa = PBXBuildFile; fileRef = 333EF4EB1C7B00C30065E10B /* LaunchScreen.storyboard */; };
		333EF4F81C7B00C30065E10B /* JasonWeiboTests.m in Sources */ = {isa = PBXBuildFile; fileRef = 333EF4F71C7B00C30065E10B /* JasonWeiboTests.m */; };
		333EF5031C7B00C30065E10B /* JasonWeiboUITests.m in Sources */ = {isa = PBXBuildFile; fileRef = 333EF5021C7B00C30065E10B /* JasonWeiboUITests.m */; };
		333EF5281C7B8D500065E10B /* CZTabBarController.m in Sources */ = {isa = PBXBuildFile; fileRef = 333EF5271C7B8D500065E10B /* CZTabBarController.m */; };
		333EF52B1C7B8E450065E10B /* CZDiscoverController.m in Sources */ = {isa = PBXBuildFile; fileRef = 333EF52A1C7B8E450065E10B /* CZDiscoverController.m */; };
		333EF52E1C7B8E5F0065E10B /* CZHomeController.m in Sources */ = {isa = PBXBuildFile; fileRef = 333EF52D1C7B8E5F0065E10B /* CZHomeController.m */; };
		333EF5311C7B8E6F0065E10B /* CZMeController.m in Sources */ = {isa = PBXBuildFile; fileRef = 333EF5301C7B8E6F0065E10B /* CZMeController.m */; };
		333EF5341C7B8E830065E10B /* CZMessageController.m in Sources */ = {isa = PBXBuildFile; fileRef = 333EF5331C7B8E830065E10B /* CZMessageController.m */; };
		33EF4FD11C7BFBA600F2788E /* UIBarButtonItem+Extension.m in Sources */ = {isa = PBXBuildFile; fileRef = 33EF4FD01C7BFBA600F2788E /* UIBarButtonItem+Extension.m */; };
		33EF4FD61C7C391600F2788E /* CZTwoController.m in Sources */ = {isa = PBXBuildFile; fileRef = 33EF4FD51C7C391600F2788E /* CZTwoController.m */; };
		33EF4FD91C7C392900F2788E /* CZThreeController.m in Sources */ = {isa = PBXBuildFile; fileRef = 33EF4FD81C7C392900F2788E /* CZThreeController.m */; };
		33EF4FDC1C7C436500F2788E /* CZNavigationController.m in Sources */ = {isa = PBXBuildFile; fileRef = 33EF4FDB1C7C436500F2788E /* CZNavigationController.m */; };
		33EF4FDF1C7C79B900F2788E /* CZDiscoverSearchBar.m in Sources */ = {isa = PBXBuildFile; fileRef = 33EF4FDE1C7C79B900F2788E /* CZDiscoverSearchBar.m */; };
		33EF4FE31C7C79FC00F2788E /* CZDiscoverSearchBar.xib in Resources */ = {isa = PBXBuildFile; fileRef = 33EF4FE21C7C79FC00F2788E /* CZDiscoverSearchBar.xib */; };
/* End PBXBuildFile section */

/* Begin PBXContainerItemProxy section */
		333EF4F41C7B00C30065E10B /* PBXContainerItemProxy */ = {
			isa = PBXContainerItemProxy;
			containerPortal = 333EF4D21C7B00C30065E10B /* Project object */;
			proxyType = 1;
			remoteGlobalIDString = 333EF4D91C7B00C30065E10B;
			remoteInfo = JasonWeibo;
		};
		333EF4FF1C7B00C30065E10B /* PBXContainerItemProxy */ = {
			isa = PBXContainerItemProxy;
			containerPortal = 333EF4D21C7B00C30065E10B /* Project object */;
			proxyType = 1;
			remoteGlobalIDString = 333EF4D91C7B00C30065E10B;
			remoteInfo = JasonWeibo;
		};
/* End PBXContainerItemProxy section */

/* Begin PBXFileReference section */
		333EF4DA1C7B00C30065E10B /* JasonWeibo.app */ = {isa = PBXFileReference; explicitFileType = wrapper.application; includeInIndex = 0; path = JasonWeibo.app; sourceTree = BUILT_PRODUCTS_DIR; };
		333EF4DE1C7B00C30065E10B /* main.m */ = {isa = PBXFileReference; lastKnownFileType = sourcecode.c.objc; path = main.m; sourceTree = "<group>"; };
		333EF4E01C7B00C30065E10B /* AppDelegate.h */ = {isa = PBXFileReference; lastKnownFileType = sourcecode.c.h; name = AppDelegate.h; path = ../../AppDelegate.h; sourceTree = "<group>"; };
		333EF4E11C7B00C30065E10B /* AppDelegate.m */ = {isa = PBXFileReference; lastKnownFileType = sourcecode.c.objc; name = AppDelegate.m; path = ../../AppDelegate.m; sourceTree = "<group>"; };
		333EF4E91C7B00C30065E10B /* Assets.xcassets */ = {isa = PBXFileReference; lastKnownFileType = folder.assetcatalog; path = Assets.xcassets; sourceTree = "<group>"; };
		333EF4EC1C7B00C30065E10B /* Base */ = {isa = PBXFileReference; lastKnownFileType = file.storyboard; name = Base; path = Base.lproj/LaunchScreen.storyboard; sourceTree = "<group>"; };
		333EF4EE1C7B00C30065E10B /* Info.plist */ = {isa = PBXFileReference; lastKnownFileType = text.plist.xml; path = Info.plist; sourceTree = "<group>"; };
		333EF4F31C7B00C30065E10B /* JasonWeiboTests.xctest */ = {isa = PBXFileReference; explicitFileType = wrapper.cfbundle; includeInIndex = 0; path = JasonWeiboTests.xctest; sourceTree = BUILT_PRODUCTS_DIR; };
		333EF4F71C7B00C30065E10B /* JasonWeiboTests.m */ = {isa = PBXFileReference; lastKnownFileType = sourcecode.c.objc; path = JasonWeiboTests.m; sourceTree = "<group>"; };
		333EF4F91C7B00C30065E10B /* Info.plist */ = {isa = PBXFileReference; lastKnownFileType = text.plist.xml; path = Info.plist; sourceTree = "<group>"; };
		333EF4FE1C7B00C30065E10B /* JasonWeiboUITests.xctest */ = {isa = PBXFileReference; explicitFileType = wrapper.cfbundle; includeInIndex = 0; path = JasonWeiboUITests.xctest; sourceTree = BUILT_PRODUCTS_DIR; };
		333EF5021C7B00C30065E10B /* JasonWeiboUITests.m */ = {isa = PBXFileReference; lastKnownFileType = sourcecode.c.objc; path = JasonWeiboUITests.m; sourceTree = "<group>"; };
		333EF5041C7B00C30065E10B /* Info.plist */ = {isa = PBXFileReference; lastKnownFileType = text.plist.xml; path = Info.plist; sourceTree = "<group>"; };
		333EF5261C7B8D500065E10B /* CZTabBarController.h */ = {isa = PBXFileReference; fileEncoding = 4; lastKnownFileType = sourcecode.c.h; path = CZTabBarController.h; sourceTree = "<group>"; };
		333EF5271C7B8D500065E10B /* CZTabBarController.m */ = {isa = PBXFileReference; fileEncoding = 4; lastKnownFileType = sourcecode.c.objc; path = CZTabBarController.m; sourceTree = "<group>"; };
		333EF5291C7B8E450065E10B /* CZDiscoverController.h */ = {isa = PBXFileReference; fileEncoding = 4; lastKnownFileType = sourcecode.c.h; path = CZDiscoverController.h; sourceTree = "<group>"; };
		333EF52A1C7B8E450065E10B /* CZDiscoverController.m */ = {isa = PBXFileReference; fileEncoding = 4; lastKnownFileType = sourcecode.c.objc; path = CZDiscoverController.m; sourceTree = "<group>"; };
		333EF52C1C7B8E5F0065E10B /* CZHomeController.h */ = {isa = PBXFileReference; fileEncoding = 4; lastKnownFileType = sourcecode.c.h; path = CZHomeController.h; sourceTree = "<group>"; };
		333EF52D1C7B8E5F0065E10B /* CZHomeController.m */ = {isa = PBXFileReference; fileEncoding = 4; lastKnownFileType = sourcecode.c.objc; path = CZHomeController.m; sourceTree = "<group>"; };
		333EF52F1C7B8E6F0065E10B /* CZMeController.h */ = {isa = PBXFileReference; fileEncoding = 4; lastKnownFileType = sourcecode.c.h; path = CZMeController.h; sourceTree = "<group>"; };
		333EF5301C7B8E6F0065E10B /* CZMeController.m */ = {isa = PBXFileReference; fileEncoding = 4; lastKnownFileType = sourcecode.c.objc; path = CZMeController.m; sourceTree = "<group>"; };
		333EF5321C7B8E830065E10B /* CZMessageController.h */ = {isa = PBXFileReference; fileEncoding = 4; lastKnownFileType = sourcecode.c.h; path = CZMessageController.h; sourceTree = "<group>"; };
		333EF5331C7B8E830065E10B /* CZMessageController.m */ = {isa = PBXFileReference; fileEncoding = 4; lastKnownFileType = sourcecode.c.objc; path = CZMessageController.m; sourceTree = "<group>"; };
		33EF4FCF1C7BFBA600F2788E /* UIBarButtonItem+Extension.h */ = {isa = PBXFileReference; fileEncoding = 4; lastKnownFileType = sourcecode.c.h; path = "UIBarButtonItem+Extension.h"; sourceTree = "<group>"; };
		33EF4FD01C7BFBA600F2788E /* UIBarButtonItem+Extension.m */ = {isa = PBXFileReference; fileEncoding = 4; lastKnownFileType = sourcecode.c.objc; path = "UIBarButtonItem+Extension.m"; sourceTree = "<group>"; };
		33EF4FD21C7BFC3800F2788E /* weibo-Prefix.pch */ = {isa = PBXFileReference; lastKnownFileType = sourcecode.c.h; path = "weibo-Prefix.pch"; sourceTree = "<group>"; };
		33EF4FD41C7C391600F2788E /* CZTwoController.h */ = {isa = PBXFileReference; fileEncoding = 4; lastKnownFileType = sourcecode.c.h; path = CZTwoController.h; sourceTree = "<group>"; };
		33EF4FD51C7C391600F2788E /* CZTwoController.m */ = {isa = PBXFileReference; fileEncoding = 4; lastKnownFileType = sourcecode.c.objc; path = CZTwoController.m; sourceTree = "<group>"; };
		33EF4FD71C7C392900F2788E /* CZThreeController.h */ = {isa = PBXFileReference; fileEncoding = 4; lastKnownFileType = sourcecode.c.h; path = CZThreeController.h; sourceTree = "<group>"; };
		33EF4FD81C7C392900F2788E /* CZThreeController.m */ = {isa = PBXFileReference; fileEncoding = 4; lastKnownFileType = sourcecode.c.objc; path = CZThreeController.m; sourceTree = "<group>"; };
		33EF4FDA1C7C436500F2788E /* CZNavigationController.h */ = {isa = PBXFileReference; fileEncoding = 4; lastKnownFileType = sourcecode.c.h; path = CZNavigationController.h; sourceTree = "<group>"; };
		33EF4FDB1C7C436500F2788E /* CZNavigationController.m */ = {isa = PBXFileReference; fileEncoding = 4; lastKnownFileType = sourcecode.c.objc; path = CZNavigationController.m; sourceTree = "<group>"; };
		33EF4FDD1C7C79B900F2788E /* CZDiscoverSearchBar.h */ = {isa = PBXFileReference; fileEncoding = 4; lastKnownFileType = sourcecode.c.h; path = CZDiscoverSearchBar.h; sourceTree = "<group>"; };
		33EF4FDE1C7C79B900F2788E /* CZDiscoverSearchBar.m */ = {isa = PBXFileReference; fileEncoding = 4; lastKnownFileType = sourcecode.c.objc; path = CZDiscoverSearchBar.m; sourceTree = "<group>"; };
		33EF4FE21C7C79FC00F2788E /* CZDiscoverSearchBar.xib */ = {isa = PBXFileReference; fileEncoding = 4; lastKnownFileType = file.xib; path = CZDiscoverSearchBar.xib; sourceTree = "<group>"; };
/* End PBXFileReference section */

/* Begin PBXFrameworksBuildPhase section */
		333EF4D71C7B00C30065E10B /* Frameworks */ = {
			isa = PBXFrameworksBuildPhase;
			buildActionMask = 2147483647;
			files = (
			);
			runOnlyForDeploymentPostprocessing = 0;
		};
		333EF4F01C7B00C30065E10B /* Frameworks */ = {
			isa = PBXFrameworksBuildPhase;
			buildActionMask = 2147483647;
			files = (
			);
			runOnlyForDeploymentPostprocessing = 0;
		};
		333EF4FB1C7B00C30065E10B /* Frameworks */ = {
			isa = PBXFrameworksBuildPhase;
			buildActionMask = 2147483647;
			files = (
			);
			runOnlyForDeploymentPostprocessing = 0;
		};
/* End PBXFrameworksBuildPhase section */

/* Begin PBXGroup section */
		333EF4D11C7B00C30065E10B = {
			isa = PBXGroup;
			children = (
				333EF4DC1C7B00C30065E10B /* JasonWeibo */,
				333EF4F61C7B00C30065E10B /* JasonWeiboTests */,
				333EF5011C7B00C30065E10B /* JasonWeiboUITests */,
				333EF4DB1C7B00C30065E10B /* Products */,
			);
			sourceTree = "<group>";
		};
		333EF4DB1C7B00C30065E10B /* Products */ = {
			isa = PBXGroup;
			children = (
				333EF4DA1C7B00C30065E10B /* JasonWeibo.app */,
				333EF4F31C7B00C30065E10B /* JasonWeiboTests.xctest */,
				333EF4FE1C7B00C30065E10B /* JasonWeiboUITests.xctest */,
			);
			name = Products;
			sourceTree = "<group>";
		};
		333EF4DC1C7B00C30065E10B /* JasonWeibo */ = {
			isa = PBXGroup;
			children = (
				333EF5101C7B8BA60065E10B /* Classes */,
				333EF4E91C7B00C30065E10B /* Assets.xcassets */,
				333EF4EB1C7B00C30065E10B /* LaunchScreen.storyboard */,
				333EF4EE1C7B00C30065E10B /* Info.plist */,
				333EF4DD1C7B00C30065E10B /* Supporting Files */,
				33EF4FD21C7BFC3800F2788E /* weibo-Prefix.pch */,
			);
			path = JasonWeibo;
			sourceTree = "<group>";
		};
		333EF4DD1C7B00C30065E10B /* Supporting Files */ = {
			isa = PBXGroup;
			children = (
				333EF4DE1C7B00C30065E10B /* main.m */,
			);
			name = "Supporting Files";
			sourceTree = "<group>";
		};
		333EF4F61C7B00C30065E10B /* JasonWeiboTests */ = {
			isa = PBXGroup;
			children = (
				333EF4F71C7B00C30065E10B /* JasonWeiboTests.m */,
				333EF4F91C7B00C30065E10B /* Info.plist */,
			);
			path = JasonWeiboTests;
			sourceTree = "<group>";
		};
		333EF5011C7B00C30065E10B /* JasonWeiboUITests */ = {
			isa = PBXGroup;
			children = (
				333EF5021C7B00C30065E10B /* JasonWeiboUITests.m */,
				333EF5041C7B00C30065E10B /* Info.plist */,
			);
			path = JasonWeiboUITests;
			sourceTree = "<group>";
		};
		333EF5101C7B8BA60065E10B /* Classes */ = {
			isa = PBXGroup;
			children = (
				33EF4FD31C7C38FB00F2788E /* Tmp */,
				33EF4FCA1C7BF8A100F2788E /* Lib */,
				333EF5251C7B8BEA0065E10B /* Other */,
				333EF5111C7B8BA60065E10B /* Discover */,
				333EF5151C7B8BA60065E10B /* Home */,
				333EF5191C7B8BA60065E10B /* Main */,
				333EF51D1C7B8BA60065E10B /* Me */,
				333EF5211C7B8BA60065E10B /* Message */,
			);
			path = Classes;
			sourceTree = "<group>";
		};
		333EF5111C7B8BA60065E10B /* Discover */ = {
			isa = PBXGroup;
			children = (
				333EF5121C7B8BA60065E10B /* Controller */,
				333EF5131C7B8BA60065E10B /* Model */,
				333EF5141C7B8BA60065E10B /* View */,
			);
			path = Discover;
			sourceTree = "<group>";
		};
		333EF5121C7B8BA60065E10B /* Controller */ = {
			isa = PBXGroup;
			children = (
				333EF5291C7B8E450065E10B /* CZDiscoverController.h */,
				333EF52A1C7B8E450065E10B /* CZDiscoverController.m */,
			);
			path = Controller;
			sourceTree = "<group>";
		};
		333EF5131C7B8BA60065E10B /* Model */ = {
			isa = PBXGroup;
			children = (
			);
			path = Model;
			sourceTree = "<group>";
		};
		333EF5141C7B8BA60065E10B /* View */ = {
			isa = PBXGroup;
			children = (
				33EF4FDD1C7C79B900F2788E /* CZDiscoverSearchBar.h */,
				33EF4FDE1C7C79B900F2788E /* CZDiscoverSearchBar.m */,
				33EF4FE21C7C79FC00F2788E /* CZDiscoverSearchBar.xib */,
			);
			path = View;
			sourceTree = "<group>";
		};
		333EF5151C7B8BA60065E10B /* Home */ = {
			isa = PBXGroup;
			children = (
				333EF5161C7B8BA60065E10B /* Controller */,
				333EF5171C7B8BA60065E10B /* Model */,
				333EF5181C7B8BA60065E10B /* View */,
			);
			path = Home;
			sourceTree = "<group>";
		};
		333EF5161C7B8BA60065E10B /* Controller */ = {
			isa = PBXGroup;
			children = (
				333EF52C1C7B8E5F0065E10B /* CZHomeController.h */,
				333EF52D1C7B8E5F0065E10B /* CZHomeController.m */,
			);
			path = Controller;
			sourceTree = "<group>";
		};
		333EF5171C7B8BA60065E10B /* Model */ = {
			isa = PBXGroup;
			children = (
			);
			path = Model;
			sourceTree = "<group>";
		};
		333EF5181C7B8BA60065E10B /* View */ = {
			isa = PBXGroup;
			children = (
			);
			path = View;
			sourceTree = "<group>";
		};
		333EF5191C7B8BA60065E10B /* Main */ = {
			isa = PBXGroup;
			children = (
				333EF51A1C7B8BA60065E10B /* Controller */,
				333EF51B1C7B8BA60065E10B /* Model */,
				333EF51C1C7B8BA60065E10B /* View */,
			);
			path = Main;
			sourceTree = "<group>";
		};
		333EF51A1C7B8BA60065E10B /* Controller */ = {
			isa = PBXGroup;
			children = (
				333EF5261C7B8D500065E10B /* CZTabBarController.h */,
				333EF5271C7B8D500065E10B /* CZTabBarController.m */,
				33EF4FDA1C7C436500F2788E /* CZNavigationController.h */,
				33EF4FDB1C7C436500F2788E /* CZNavigationController.m */,
			);
			path = Controller;
			sourceTree = "<group>";
		};
		333EF51B1C7B8BA60065E10B /* Model */ = {
			isa = PBXGroup;
			children = (
			);
			path = Model;
			sourceTree = "<group>";
		};
		333EF51C1C7B8BA60065E10B /* View */ = {
			isa = PBXGroup;
			children = (
			);
			path = View;
			sourceTree = "<group>";
		};
		333EF51D1C7B8BA60065E10B /* Me */ = {
			isa = PBXGroup;
			children = (
				333EF51E1C7B8BA60065E10B /* Controller */,
				333EF51F1C7B8BA60065E10B /* Model */,
				333EF5201C7B8BA60065E10B /* View */,
			);
			path = Me;
			sourceTree = "<group>";
		};
		333EF51E1C7B8BA60065E10B /* Controller */ = {
			isa = PBXGroup;
			children = (
				333EF52F1C7B8E6F0065E10B /* CZMeController.h */,
				333EF5301C7B8E6F0065E10B /* CZMeController.m */,
			);
			path = Controller;
			sourceTree = "<group>";
		};
		333EF51F1C7B8BA60065E10B /* Model */ = {
			isa = PBXGroup;
			children = (
			);
			path = Model;
			sourceTree = "<group>";
		};
		333EF5201C7B8BA60065E10B /* View */ = {
			isa = PBXGroup;
			children = (
			);
			path = View;
			sourceTree = "<group>";
		};
		333EF5211C7B8BA60065E10B /* Message */ = {
			isa = PBXGroup;
			children = (
				333EF5221C7B8BA60065E10B /* Controller */,
				333EF5231C7B8BA60065E10B /* Model */,
				333EF5241C7B8BA60065E10B /* View */,
			);
			path = Message;
			sourceTree = "<group>";
		};
		333EF5221C7B8BA60065E10B /* Controller */ = {
			isa = PBXGroup;
			children = (
				333EF5321C7B8E830065E10B /* CZMessageController.h */,
				333EF5331C7B8E830065E10B /* CZMessageController.m */,
			);
			path = Controller;
			sourceTree = "<group>";
		};
		333EF5231C7B8BA60065E10B /* Model */ = {
			isa = PBXGroup;
			children = (
			);
			path = Model;
			sourceTree = "<group>";
		};
		333EF5241C7B8BA60065E10B /* View */ = {
			isa = PBXGroup;
			children = (
			);
			path = View;
			sourceTree = "<group>";
		};
		333EF5251C7B8BEA0065E10B /* Other */ = {
			isa = PBXGroup;
			children = (
				333EF4E01C7B00C30065E10B /* AppDelegate.h */,
				333EF4E11C7B00C30065E10B /* AppDelegate.m */,
			);
			path = Other;
			sourceTree = "<group>";
		};
		33EF4FCA1C7BF8A100F2788E /* Lib */ = {
			isa = PBXGroup;
			children = (
				33EF4FCB1C7BF8A100F2788E /* Category */,
			);
			path = Lib;
			sourceTree = "<group>";
		};
		33EF4FCB1C7BF8A100F2788E /* Category */ = {
			isa = PBXGroup;
			children = (
				33EF4FCF1C7BFBA600F2788E /* UIBarButtonItem+Extension.h */,
				33EF4FD01C7BFBA600F2788E /* UIBarButtonItem+Extension.m */,
			);
			path = Category;
			sourceTree = "<group>";
		};
		33EF4FD31C7C38FB00F2788E /* Tmp */ = {
			isa = PBXGroup;
			children = (
				33EF4FD41C7C391600F2788E /* CZTwoController.h */,
				33EF4FD51C7C391600F2788E /* CZTwoController.m */,
				33EF4FD71C7C392900F2788E /* CZThreeController.h */,
				33EF4FD81C7C392900F2788E /* CZThreeController.m */,
			);
			path = Tmp;
			sourceTree = "<group>";
		};
/* End PBXGroup section */

/* Begin PBXNativeTarget section */
		333EF4D91C7B00C30065E10B /* JasonWeibo */ = {
			isa = PBXNativeTarget;
			buildConfigurationList = 333EF5071C7B00C30065E10B /* Build configuration list for PBXNativeTarget "JasonWeibo" */;
			buildPhases = (
				333EF4D61C7B00C30065E10B /* Sources */,
				333EF4D71C7B00C30065E10B /* Frameworks */,
				333EF4D81C7B00C30065E10B /* Resources */,
			);
			buildRules = (
			);
			dependencies = (
			);
			name = JasonWeibo;
			productName = JasonWeibo;
			productReference = 333EF4DA1C7B00C30065E10B /* JasonWeibo.app */;
			productType = "com.apple.product-type.application";
		};
		333EF4F21C7B00C30065E10B /* JasonWeiboTests */ = {
			isa = PBXNativeTarget;
			buildConfigurationList = 333EF50A1C7B00C30065E10B /* Build configuration list for PBXNativeTarget "JasonWeiboTests" */;
			buildPhases = (
				333EF4EF1C7B00C30065E10B /* Sources */,
				333EF4F01C7B00C30065E10B /* Frameworks */,
				333EF4F11C7B00C30065E10B /* Resources */,
			);
			buildRules = (
			);
			dependencies = (
				333EF4F51C7B00C30065E10B /* PBXTargetDependency */,
			);
			name = JasonWeiboTests;
			productName = JasonWeiboTests;
			productReference = 333EF4F31C7B00C30065E10B /* JasonWeiboTests.xctest */;
			productType = "com.apple.product-type.bundle.unit-test";
		};
		333EF4FD1C7B00C30065E10B /* JasonWeiboUITests */ = {
			isa = PBXNativeTarget;
			buildConfigurationList = 333EF50D1C7B00C30065E10B /* Build configuration list for PBXNativeTarget "JasonWeiboUITests" */;
			buildPhases = (
				333EF4FA1C7B00C30065E10B /* Sources */,
				333EF4FB1C7B00C30065E10B /* Frameworks */,
				333EF4FC1C7B00C30065E10B /* Resources */,
			);
			buildRules = (
			);
			dependencies = (
				333EF5001C7B00C30065E10B /* PBXTargetDependency */,
			);
			name = JasonWeiboUITests;
			productName = JasonWeiboUITests;
			productReference = 333EF4FE1C7B00C30065E10B /* JasonWeiboUITests.xctest */;
			productType = "com.apple.product-type.bundle.ui-testing";
		};
/* End PBXNativeTarget section */

/* Begin PBXProject section */
		333EF4D21C7B00C30065E10B /* Project object */ = {
			isa = PBXProject;
			attributes = {
				CLASSPREFIX = CZ;
				LastUpgradeCheck = 0720;
				ORGANIZATIONNAME = "星星";
				TargetAttributes = {
					333EF4D91C7B00C30065E10B = {
						CreatedOnToolsVersion = 7.2;
						DevelopmentTeam = 3VK258DR3B;
					};
					333EF4F21C7B00C30065E10B = {
						CreatedOnToolsVersion = 7.2;
						DevelopmentTeam = 3VK258DR3B;
						TestTargetID = 333EF4D91C7B00C30065E10B;
					};
					333EF4FD1C7B00C30065E10B = {
						CreatedOnToolsVersion = 7.2;
						DevelopmentTeam = 3VK258DR3B;
						TestTargetID = 333EF4D91C7B00C30065E10B;
					};
				};
			};
			buildConfigurationList = 333EF4D51C7B00C30065E10B /* Build configuration list for PBXProject "JasonWeibo" */;
			compatibilityVersion = "Xcode 3.2";
			developmentRegion = English;
			hasScannedForEncodings = 0;
			knownRegions = (
				en,
				Base,
			);
			mainGroup = 333EF4D11C7B00C30065E10B;
			productRefGroup = 333EF4DB1C7B00C30065E10B /* Products */;
			projectDirPath = "";
			projectRoot = "";
			targets = (
				333EF4D91C7B00C30065E10B /* JasonWeibo */,
				333EF4F21C7B00C30065E10B /* JasonWeiboTests */,
				333EF4FD1C7B00C30065E10B /* JasonWeiboUITests */,
			);
		};
/* End PBXProject section */

/* Begin PBXResourcesBuildPhase section */
		333EF4D81C7B00C30065E10B /* Resources */ = {
			isa = PBXResourcesBuildPhase;
			buildActionMask = 2147483647;
			files = (
				333EF4ED1C7B00C30065E10B /* LaunchScreen.storyboard in Resources */,
				33EF4FE31C7C79FC00F2788E /* CZDiscoverSearchBar.xib in Resources */,
				333EF4EA1C7B00C30065E10B /* Assets.xcassets in Resources */,
			);
			runOnlyForDeploymentPostprocessing = 0;
		};
		333EF4F11C7B00C30065E10B /* Resources */ = {
			isa = PBXResourcesBuildPhase;
			buildActionMask = 2147483647;
			files = (
			);
			runOnlyForDeploymentPostprocessing = 0;
		};
		333EF4FC1C7B00C30065E10B /* Resources */ = {
			isa = PBXResourcesBuildPhase;
			buildActionMask = 2147483647;
			files = (
			);
			runOnlyForDeploymentPostprocessing = 0;
		};
/* End PBXResourcesBuildPhase section */

/* Begin PBXSourcesBuildPhase section */
		333EF4D61C7B00C30065E10B /* Sources */ = {
			isa = PBXSourcesBuildPhase;
			buildActionMask = 2147483647;
			files = (
				333EF52E1C7B8E5F0065E10B /* CZHomeController.m in Sources */,
				333EF4E21C7B00C30065E10B /* AppDelegate.m in Sources */,
				333EF5311C7B8E6F0065E10B /* CZMeController.m in Sources */,
				33EF4FD61C7C391600F2788E /* CZTwoController.m in Sources */,
				333EF5341C7B8E830065E10B /* CZMessageController.m in Sources */,
				333EF52B1C7B8E450065E10B /* CZDiscoverController.m in Sources */,
				33EF4FD11C7BFBA600F2788E /* UIBarButtonItem+Extension.m in Sources */,
				33EF4FDC1C7C436500F2788E /* CZNavigationController.m in Sources */,
				33EF4FD91C7C392900F2788E /* CZThreeController.m in Sources */,
				333EF5281C7B8D500065E10B /* CZTabBarController.m in Sources */,
				333EF4DF1C7B00C30065E10B /* main.m in Sources */,
				33EF4FDF1C7C79B900F2788E /* CZDiscoverSearchBar.m in Sources */,
			);
			runOnlyForDeploymentPostprocessing = 0;
		};
		333EF4EF1C7B00C30065E10B /* Sources */ = {
			isa = PBXSourcesBuildPhase;
			buildActionMask = 2147483647;
			files = (
				333EF4F81C7B00C30065E10B /* JasonWeiboTests.m in Sources */,
			);
			runOnlyForDeploymentPostprocessing = 0;
		};
		333EF4FA1C7B00C30065E10B /* Sources */ = {
			isa = PBXSourcesBuildPhase;
			buildActionMask = 2147483647;
			files = (
				333EF5031C7B00C30065E10B /* JasonWeiboUITests.m in Sources */,
			);
			runOnlyForDeploymentPostprocessing = 0;
		};
/* End PBXSourcesBuildPhase section */

/* Begin PBXTargetDependency section */
		333EF4F51C7B00C30065E10B /* PBXTargetDependency */ = {
			isa = PBXTargetDependency;
			target = 333EF4D91C7B00C30065E10B /* JasonWeibo */;
			targetProxy = 333EF4F41C7B00C30065E10B /* PBXContainerItemProxy */;
		};
		333EF5001C7B00C30065E10B /* PBXTargetDependency */ = {
			isa = PBXTargetDependency;
			target = 333EF4D91C7B00C30065E10B /* JasonWeibo */;
			targetProxy = 333EF4FF1C7B00C30065E10B /* PBXContainerItemProxy */;
		};
/* End PBXTargetDependency section */

/* Begin PBXVariantGroup section */
		333EF4EB1C7B00C30065E10B /* LaunchScreen.storyboard */ = {
			isa = PBXVariantGroup;
			children = (
				333EF4EC1C7B00C30065E10B /* Base */,
			);
			name = LaunchScreen.storyboard;
			sourceTree = "<group>";
		};
/* End PBXVariantGroup section */

/* Begin XCBuildConfiguration section */
		333EF5051C7B00C30065E10B /* Debug */ = {
			isa = XCBuildConfiguration;
			buildSettings = {
				ALWAYS_SEARCH_USER_PATHS = NO;
				CLANG_CXX_LANGUAGE_STANDARD = "gnu++0x";
				CLANG_CXX_LIBRARY = "libc++";
				CLANG_ENABLE_MODULES = YES;
				CLANG_ENABLE_OBJC_ARC = YES;
				CLANG_WARN_BOOL_CONVERSION = YES;
				CLANG_WARN_CONSTANT_CONVERSION = YES;
				CLANG_WARN_DIRECT_OBJC_ISA_USAGE = YES_ERROR;
				CLANG_WARN_EMPTY_BODY = YES;
				CLANG_WARN_ENUM_CONVERSION = YES;
				CLANG_WARN_INT_CONVERSION = YES;
				CLANG_WARN_OBJC_ROOT_CLASS = YES_ERROR;
				CLANG_WARN_UNREACHABLE_CODE = YES;
				CLANG_WARN__DUPLICATE_METHOD_MATCH = YES;
				"CODE_SIGN_IDENTITY[sdk=iphoneos*]" = "iPhone Developer";
				COPY_PHASE_STRIP = NO;
				DEBUG_INFORMATION_FORMAT = dwarf;
				ENABLE_STRICT_OBJC_MSGSEND = YES;
				ENABLE_TESTABILITY = YES;
				GCC_C_LANGUAGE_STANDARD = gnu99;
				GCC_DYNAMIC_NO_PIC = NO;
				GCC_NO_COMMON_BLOCKS = YES;
				GCC_OPTIMIZATION_LEVEL = 0;
				GCC_PREPROCESSOR_DEFINITIONS = (
					"DEBUG=1",
					"$(inherited)",
				);
				GCC_WARN_64_TO_32_BIT_CONVERSION = YES;
				GCC_WARN_ABOUT_RETURN_TYPE = YES_ERROR;
				GCC_WARN_UNDECLARED_SELECTOR = YES;
				GCC_WARN_UNINITIALIZED_AUTOS = YES_AGGRESSIVE;
				GCC_WARN_UNUSED_FUNCTION = YES;
				GCC_WARN_UNUSED_VARIABLE = YES;
				IPHONEOS_DEPLOYMENT_TARGET = 9.2;
				MTL_ENABLE_DEBUG_INFO = YES;
				ONLY_ACTIVE_ARCH = YES;
				SDKROOT = iphoneos;
				TARGETED_DEVICE_FAMILY = "1,2";
			};
			name = Debug;
		};
		333EF5061C7B00C30065E10B /* Release */ = {
			isa = XCBuildConfiguration;
			buildSettings = {
				ALWAYS_SEARCH_USER_PATHS = NO;
				CLANG_CXX_LANGUAGE_STANDARD = "gnu++0x";
				CLANG_CXX_LIBRARY = "libc++";
				CLANG_ENABLE_MODULES = YES;
				CLANG_ENABLE_OBJC_ARC = YES;
				CLANG_WARN_BOOL_CONVERSION = YES;
				CLANG_WARN_CONSTANT_CONVERSION = YES;
				CLANG_WARN_DIRECT_OBJC_ISA_USAGE = YES_ERROR;
				CLANG_WARN_EMPTY_BODY = YES;
				CLANG_WARN_ENUM_CONVERSION = YES;
				CLANG_WARN_INT_CONVERSION = YES;
				CLANG_WARN_OBJC_ROOT_CLASS = YES_ERROR;
				CLANG_WARN_UNREACHABLE_CODE = YES;
				CLANG_WARN__DUPLICATE_METHOD_MATCH = YES;
				"CODE_SIGN_IDENTITY[sdk=iphoneos*]" = "iPhone Developer";
				COPY_PHASE_STRIP = NO;
				DEBUG_INFORMATION_FORMAT = "dwarf-with-dsym";
				ENABLE_NS_ASSERTIONS = NO;
				ENABLE_STRICT_OBJC_MSGSEND = YES;
				GCC_C_LANGUAGE_STANDARD = gnu99;
				GCC_NO_COMMON_BLOCKS = YES;
				GCC_WARN_64_TO_32_BIT_CONVERSION = YES;
				GCC_WARN_ABOUT_RETURN_TYPE = YES_ERROR;
				GCC_WARN_UNDECLARED_SELECTOR = YES;
				GCC_WARN_UNINITIALIZED_AUTOS = YES_AGGRESSIVE;
				GCC_WARN_UNUSED_FUNCTION = YES;
				GCC_WARN_UNUSED_VARIABLE = YES;
				IPHONEOS_DEPLOYMENT_TARGET = 9.2;
				MTL_ENABLE_DEBUG_INFO = NO;
				SDKROOT = iphoneos;
				TARGETED_DEVICE_FAMILY = "1,2";
				VALIDATE_PRODUCT = YES;
			};
			name = Release;
		};
		333EF5081C7B00C30065E10B /* Debug */ = {
			isa = XCBuildConfiguration;
			buildSettings = {
				ASSETCATALOG_COMPILER_APPICON_NAME = AppIcon;
				GCC_PRECOMPILE_PREFIX_HEADER = YES;
				GCC_PREFIX_HEADER = "${SRCROOT}/JasonWeibo/weibo-Prefix.pch";
				INFOPLIST_FILE = JasonWeibo/Info.plist;
				IPHONEOS_DEPLOYMENT_TARGET = 8.1;
				LD_RUNPATH_SEARCH_PATHS = "$(inherited) @executable_path/Frameworks";
				PRODUCT_BUNDLE_IDENTIFIER = jason.chou.JasonWeibo;
				PRODUCT_NAME = "$(TARGET_NAME)";
			};
			name = Debug;
		};
		333EF5091C7B00C30065E10B /* Release */ = {
			isa = XCBuildConfiguration;
			buildSettings = {
				ASSETCATALOG_COMPILER_APPICON_NAME = AppIcon;
				GCC_PRECOMPILE_PREFIX_HEADER = YES;
				GCC_PREFIX_HEADER = "${SRCROOT}/JasonWeibo/weibo-Prefix.pch";
				INFOPLIST_FILE = JasonWeibo/Info.plist;
				IPHONEOS_DEPLOYMENT_TARGET = 8.1;
				LD_RUNPATH_SEARCH_PATHS = "$(inherited) @executable_path/Frameworks";
				PRODUCT_BUNDLE_IDENTIFIER = jason.chou.JasonWeibo;
				PRODUCT_NAME = "$(TARGET_NAME)";
			};
			name = Release;
		};
		333EF50B1C7B00C30065E10B /* Debug */ = {
			isa = XCBuildConfiguration;
			buildSettings = {
				BUNDLE_LOADER = "$(TEST_HOST)";
				INFOPLIST_FILE = JasonWeiboTests/Info.plist;
				LD_RUNPATH_SEARCH_PATHS = "$(inherited) @executable_path/Frameworks @loader_path/Frameworks";
				PRODUCT_BUNDLE_IDENTIFIER = jason.chou.JasonWeiboTests;
				PRODUCT_NAME = "$(TARGET_NAME)";
				TEST_HOST = "$(BUILT_PRODUCTS_DIR)/JasonWeibo.app/JasonWeibo";
			};
			name = Debug;
		};
		333EF50C1C7B00C30065E10B /* Release */ = {
			isa = XCBuildConfiguration;
			buildSettings = {
				BUNDLE_LOADER = "$(TEST_HOST)";
				INFOPLIST_FILE = JasonWeiboTests/Info.plist;
				LD_RUNPATH_SEARCH_PATHS = "$(inherited) @executable_path/Frameworks @loader_path/Frameworks";
				PRODUCT_BUNDLE_IDENTIFIER = jason.chou.JasonWeiboTests;
				PRODUCT_NAME = "$(TARGET_NAME)";
				TEST_HOST = "$(BUILT_PRODUCTS_DIR)/JasonWeibo.app/JasonWeibo";
			};
			name = Release;
		};
		333EF50E1C7B00C30065E10B /* Debug */ = {
			isa = XCBuildConfiguration;
			buildSettings = {
				INFOPLIST_FILE = JasonWeiboUITests/Info.plist;
				LD_RUNPATH_SEARCH_PATHS = "$(inherited) @executable_path/Frameworks @loader_path/Frameworks";
				PRODUCT_BUNDLE_IDENTIFIER = jason.chou.JasonWeiboUITests;
				PRODUCT_NAME = "$(TARGET_NAME)";
				TEST_TARGET_NAME = JasonWeibo;
				USES_XCTRUNNER = YES;
			};
			name = Debug;
		};
		333EF50F1C7B00C30065E10B /* Release */ = {
			isa = XCBuildConfiguration;
			buildSettings = {
				INFOPLIST_FILE = JasonWeiboUITests/Info.plist;
				LD_RUNPATH_SEARCH_PATHS = "$(inherited) @executable_path/Frameworks @loader_path/Frameworks";
				PRODUCT_BUNDLE_IDENTIFIER = jason.chou.JasonWeiboUITests;
				PRODUCT_NAME = "$(TARGET_NAME)";
				TEST_TARGET_NAME = JasonWeibo;
				USES_XCTRUNNER = YES;
			};
			name = Release;
		};
/* End XCBuildConfiguration section */

/* Begin XCConfigurationList section */
		333EF4D51C7B00C30065E10B /* Build configuration list for PBXProject "JasonWeibo" */ = {
			isa = XCConfigurationList;
			buildConfigurations = (
				333EF5051C7B00C30065E10B /* Debug */,
				333EF5061C7B00C30065E10B /* Release */,
			);
			defaultConfigurationIsVisible = 0;
			defaultConfigurationName = Release;
		};
		333EF5071C7B00C30065E10B /* Build configuration list for PBXNativeTarget "JasonWeibo" */ = {
			isa = XCConfigurationList;
			buildConfigurations = (
				333EF5081C7B00C30065E10B /* Debug */,
				333EF5091C7B00C30065E10B /* Release */,
			);
			defaultConfigurationIsVisible = 0;
			defaultConfigurationName = Release;
		};
		333EF50A1C7B00C30065E10B /* Build configuration list for PBXNativeTarget "JasonWeiboTests" */ = {
			isa = XCConfigurationList;
			buildConfigurations = (
				333EF50B1C7B00C30065E10B /* Debug */,
				333EF50C1C7B00C30065E10B /* Release */,
			);
			defaultConfigurationIsVisible = 0;
			defaultConfigurationName = Release;
		};
		333EF50D1C7B00C30065E10B /* Build configuration list for PBXNativeTarget "JasonWeiboUITests" */ = {
			isa = XCConfigurationList;
			buildConfigurations = (
				333EF50E1C7B00C30065E10B /* Debug */,
				333EF50F1C7B00C30065E10B /* Release */,
			);
			defaultConfigurationIsVisible = 0;
			defaultConfigurationName = Release;
		};
/* End XCConfigurationList section */
	};
	rootObject = 333EF4D21C7B00C30065E10B /* Project object */;
}
